version = 1
revision = 3
requires-python = ">=3.13"

[[package]]
name = "colorama"
version = "0.4.6"
source = { registry = "https://pypi.org/simple" }
sdist = { url = "https://files.pythonhosted.org/packages/d8/53/6f443c9a4a8358a93a6792e2acffb9d9d5cb0a5cfd8802644b7b1c9a02e4/colorama-0.4.6.tar.gz", hash = "sha256:08695f5cb7ed6e0531a20572697297273c47b8cae5a63ffc6d6ed5c201be6e44", size = 27697, upload-time = "2022-10-25T02:36:22.414Z" }
wheels = [
    { url = "https://files.pythonhosted.org/packages/d1/d6/3965ed04c63042e047cb6a3e6ed1a63a35087b6a609aa3a15ed8ac56c221/colorama-0.4.6-py2.py3-none-any.whl", hash = "sha256:4f1d9991f5acc0ca119f9d443620b77f9d6b33703e51011c16baf57afb285fc6", size = 25335, upload-time = "2022-10-25T02:36:20.889Z" },
]

[[package]]
name = "heb-tts-normalizer"
version = "0.1.0"
source = { editable = "." }
dependencies = [
    { name = "regex" },
]

[package.dev-dependencies]
dev = [
    { name = "pytest" },
    { name = "ruff" },
    { name = "ty" },
    { name = "types-regex" },
]

[package.metadata]
requires-dist = [{ name = "regex", specifier = ">=2026.9.3" }]

[package.metadata.requires-dev]
dev = [
    { name = "pytest", specifier = ">=8.3" },
    { name = "ruff", specifier = ">=0.9" },
    { name = "ty", specifier = ">=0.0.1a1" },
    { name = "types-regex", specifier = ">=2026.9.3.20260903" },
]

[[package]]
name = "iniconfig"
version = "2.3.0"
source = { registry = "https://pypi.org/simple" }
sdist = { url = "https://files.pythonhosted.org/packages/72/34/14ca021ce8e5dfedc35312d08ba8bf51fdd999c576889fc2c24cb97f4f10/iniconfig-2.3.0.tar.gz", hash = "sha256:c76315c77db068650d49c5b56314774a7804df16fee4402c1f19d6d15d8c4730", size = 20503, upload-time = "2025-10-18T21:55:43.219Z" }
wheels = [
    { url = "https://files.pythonhosted.org/packages/cb/b1/3846dd7f199d53cb17f49cba7e651e9ce294d8497c8c150530ed11865bb8/iniconfig-2.3.0-py3-none-any.whl", hash = "sha256:f631c04d2c48c52b84d0d0549c99ff3859c98df65b3101406327ecc7d53fbf12", size = 7484, upload-time = "2025-10-18T21:55:41.639Z" },
]

[[package]]
name = "packaging"
version = "26.3"
source = { registry = "https://pypi.org/simple" }
sdist = { url = "https://files.pythonhosted.org/packages/7d/fa/3944b40b07da9ce895c0e6303a5ab7d53da063554f534556b134a54d6093/packaging-26.3.tar.gz", hash = "sha256:94edc256424af38762eb31306eed28beb9f0efc50a8837492c9d6fd6004aed79", size = 313412, upload-time = "2026-08-04T18:15:28.737Z" }
wheels = [
    { url = "https://files.pythonhosted.org/packages/63/34/ba1c580383c9eada3711951fef0795c80b829a078d72188184bcab9dd527/packaging-26.3-py3-none-any.whl", hash = "sha256:d7193f7c8e4e93f444fde0262bf90af30e16fa0ad0ad44cb553c87339b23cd1c", size = 129956, upload-time = "2026-08-04T18:15:27.159Z" },
]

[[package]]
name = "pluggy"
version = "1.6.0"
source = { registry = "https://pypi.org/simple" }
sdist = { url = "https://files.pythonhosted.org/packages/f9/e2/3e91f31a7d2b083fe6ef3fa267035b518369d9511ffab804f839851d2779/pluggy-1.6.0.tar.gz", hash = "sha256:7dcc130b76258d33b90f61b658791dede3486c3e6bfb003ee5c9bfb396dd22f3", size = 69412, upload-time = "2025-05-15T12:30:07.975Z" }
wheels = [
    { url = "https://files.pythonhosted.org/packages/54/20/4d324d65cc6d9205fabedc306948156824eb9f0ee1633355a8f7ec5c66bf/pluggy-1.6.0-py3-none-any.whl", hash = "sha256:e920276dd6813095e9377c0bc5566d94c932c33b27a3e3945d8389c374dd4746", size = 20538, upload-time = "2025-05-15T12:30:06.134Z" },
]

[[package]]
name = "pygments"
version = "2.21.0"
source = { registry = "https://pypi.org/simple" }
sdist = { url = "https://files.pythonhosted.org/packages/49/2e/ced460408999b33da6b31b0021b0f37d329e202d4169aeb164493778f25b/pygments-2.21.0.tar.gz", hash = "sha256:610ca751c9bc2492b38eb9a38a7fbc93edbbb2d7182edaf34e66ae493dee5c8c", size = 5005329, upload-time = "2026-08-17T08:02:48.824Z" }
wheels = [
    { url = "https://files.pythonhosted.org/packages/71/46/17f022dd3e953bf20a04a028a21ec746d942f8d2af30fa0f124fa0e6a684/pygments-2.21.0-py3-none-any.whl", hash = "sha256:2363c69b61c4a97c838da3b130dcd6468f4848992b21a82f2a63ec34377137d9", size = 1250147, upload-time = "2026-08-17T08:02:44.912Z" },
]

[[package]]
name = "pytest"
version = "9.1.1"
source = { registry = "https://pypi.org/simple" }
dependencies = [
    { name = "colorama", marker = "sys_platform == 'win32'" },
    { name = "iniconfig" },
    { name = "packaging" },
    { name = "pluggy" },
    { name = "pygments" },
]
sdist = { url = "https://files.pythonhosted.org/packages/e4/47/b9efed96c114afcfa3c9d3fe98a76a1d14c74a9e266d397cf6eb64be5e01/pytest-9.1.1.tar.gz", hash = "sha256:1088fbde8f2b49d95a549a195707afa7a76a3ce9bcadc26b6d71f0ffda5fe313", size = 1636369, upload-time = "2026-06-19T10:58:32.857Z" }
wheels = [
    { url = "https://files.pythonhosted.org/packages/24/25/1de2678b631f5a49215c6c96fff41ba892b0a34df68d6d80292b1b48aa7f/pytest-9.1.1-py3-none-any.whl", hash = "sha256:37a86b45efb9a47a61a36449063e8e18d0cab3161329fc099eb21783169c4f0c", size = 386536, upload-time = "2026-06-19T10:58:31.347Z" },
]

[[package]]
name = "regex"
version = "2026.9.3"
source = { registry = "https://pypi.org/simple" }
sdist = { url = "https://files.pythonhosted.org/packages/19/c1/6b30b775c7bcc6cf6506a4d4741c2123e8d99cd50f3fe8cbd731f5fef526/regex-2026.9.3.tar.gz", hash = "sha256:aabd43208e335f4c3f0b56de3464b066dd425983a58f6eeb5738bcd7465403db", size = 416720, upload-time = "2026-09-01T00:53:43.821Z" }
wheels = [
    { url = "https://files.pythonhosted.org/packages/9b/d8/1fb6053247efc5b5a1d7b3b7881dcf42861f8ba46bd72a2ff126469d4053/regex-2026.9.3-cp313-cp313-macosx_10_13_universal2.whl", hash = "sha256:1d9148e47cfa1a067138867996b1d5d825de0132fed8dac3c92eebaaf312d280", size = 496442, upload-time = "2026-09-01T00:50:55.351Z" },
    { url = "https://files.pythonhosted.org/packages/5b/b7/0b9c1c0385365ad12deba0bdf93a70ad9f97d1a919cc5699c33b449ad662/regex-2026.9.3-cp313-cp313-macosx_10_13_x86_64.whl", hash = "sha256:33c2860b73ea342c0a42bee9ebe3b3a0de3d68c580c4dcb52241cf4b6663731b", size = 296913, upload-time = "2026-09-01T00:50:57.251Z" },
    { url = "https://files.pythonhosted.org/packages/e6/eb/5750ebabdb010ffb0d31fceae68c7a8f3876c06140c3bd6a7feff6240d6d/regex-2026.9.3-cp313-cp313-macosx_11_0_arm64.whl", hash = "sha256:e33dfc13c02d9c4e55bcf3f3b2eb448537823a6f6f30bf737b2974b63a530bc9", size = 291783, upload-time = "2026-09-01T00:50:58.892Z" },
    { url = "https://files.pythonhosted.org/packages/96/12/3ee1542b6428a0955ac5a31562d87966a417c0e0a4c1e5c62ec822fe78de/regex-2026.9.3-cp313-cp313-manylinux2014_aarch64.manylinux_2_17_aarch64.manylinux_2_28_aarch64.whl", hash = "sha256:48e84252a16234ee860206a738f9a5084f830a5d0a1370a418d3af4e917f5e08", size = 796114, upload-time = "2026-09-01T00:51:00.5Z" },
    { url = "https://files.pythonhosted.org/packages/0a/24/5ad415b80958d79f2da66a1997743ea8c38a1e9e2f63660f7cbf9303eda4/regex-2026.9.3-cp313-cp313-manylinux2014_ppc64le.manylinux_2_17_ppc64le.manylinux_2_28_ppc64le.whl", hash = "sha256:3077ace9bf59f8513c8471a817a5af63699987dc024f535c1eac3447a4d70211", size = 865524, upload-time = "2026-09-01T00:51:02.25Z" },
    { url = "https://files.pythonhosted.org/packages/2b/8a/c298d469f5dd12b11d4e7b8c7714c808b9edace73118eaf753fc327c9429/regex-2026.9.3-cp313-cp313-manylinux2014_s390x.manylinux_2_17_s390x.manylinux_2_28_s390x.whl", hash = "sha256:635482cd183a1856da75a39c473a2e222697b7927f1955f586db83fc8a5da17c", size = 911948, upload-time = "2026-09-01T00:51:04.099Z" },
    { url = "https://files.pythonhosted.org/packages/3f/a6/e9a59b507cdf7a9735df4bab92b4ea9d2ca2e665c6de14c112db7e3c0926/regex-2026.9.3-cp313-cp313-manylinux2014_x86_64.manylinux_2_17_x86_64.manylinux_2_28_x86_64.whl", hash = "sha256:27f0809798071f56fb1bc536bb93714a95e8ed2ec0dfd869f095deebb30fd11a", size = 801945, upload-time = "2026-09-01T00:51:05.878Z" },
    { url = "https://files.pythonhosted.org/packages/56/1d/443e5541fd23d97c841ccddf90dbc9a964bd00e0ec9219b45a3eb0cde552/regex-2026.9.3-cp313-cp313-manylinux_2_31_riscv64.manylinux_2_39_riscv64.whl", hash = "sha256:d514026ca1c473cc14440e4d7bdf6721c642455b647a74c8143c0f22da358c28", size = 776223, upload-time = "2026-09-01T00:51:07.58Z" },
    { url = "https://files.pythonhosted.org/packages/7e/ae/78d48b14582f5733facaa2e001499b98707d8b8b1b31ab7559053c18f168/regex-2026.9.3-cp313-cp313-musllinux_1_2_aarch64.whl", hash = "sha256:b9190d4901d7786af9ab0ec46172e27cf7d72cdba2b82ee38eb40aadd3239a6e", size = 785072, upload-time = "2026-09-01T00:51:09.648Z" },
    { url = "https://files.pythonhosted.org/packages/55/42/2f4ac830de12d264c1486f749988003a7f5a0366d7557a75de2418461466/regex-2026.9.3-cp313-cp313-musllinux_1_2_ppc64le.whl", hash = "sha256:6c0f60b05cc708e6cdf68dbca86b7a36d99695962db0189bb1b3884ca3b28e90", size = 860644, upload-time = "2026-09-01T00:51:11.558Z" },
    { url = "https://files.pythonhosted.org/packages/47/50/6b44c6cf56f353744e6066a1310177b7b195afb11d33dff4d6cf3ec52720/regex-2026.9.3-cp313-cp313-musllinux_1_2_riscv64.whl", hash = "sha256:b7b7e6be82fd6d5256adabb82253c5c307de981cc20c0ce4cff0cbe6de88529b", size = 765862, upload-time = "2026-09-01T00:51:13.371Z" },
    { url = "https://files.pythonhosted.org/packages/64/0f/c5a8023dfc988cddd2c614b1afbe547aedab1ffebd5b5d9cd58f6ab28908/regex-2026.9.3-cp313-cp313-musllinux_1_2_s390x.whl", hash = "sha256:b5f85bffdfe17da7dfff78eb32b261c27f3cd64c060033645079493f4cebc8e9", size = 852081, upload-time = "2026-09-01T00:51:15.324Z" },
    { url = "https://files.pythonhosted.org/packages/8f/f4/ab0ba467ebcaecfddf72ea7b3527a6088863094377c1303a3379284ef621/regex-2026.9.3-cp313-cp313-musllinux_1_2_x86_64.whl", hash = "sha256:d10a442c6450ebd35aa89392b8e4b0459ba474df63fc5e6828573d0a31a627ec", size = 789774, upload-time = "2026-09-01T00:51:17.057Z" },
    { url = "https://files.pythonhosted.org/packages/4e/fa/8e2f3021ff5ee3aafc80eed8f16663be5e16c7b663d72e4bd2c9e71e1433/regex-2026.9.3-cp313-cp313-win32.whl", hash = "sha256:63fa79eab192623acb169de1dfe8e733598c4047d06f7712347d1bb810a5ad20", size = 267125, upload-time = "2026-09-01T00:51:18.837Z" },
    { url = "https://files.pythonhosted.org/packages/6d/25/6d20a309c2e4b554cc33579dd55b0bb50d0c2ace7ce6f084be2327c330fc/regex-2026.9.3-cp313-cp313-win_amd64.whl", hash = "sha256:185c1ae881856208dda05708b6c908aff76878e59c998c8548d365c1bbcaf1bd", size = 277741, upload-time = "2026-09-01T00:51:20.583Z" },
    { url = "https://files.pythonhosted.org/packages/cc/b3/0282ae58fc167953809a968850622f89955e0fd70a65df882e5d488138b0/regex-2026.9.3-cp313-cp313-win_arm64.whl", hash = "sha256:db6538d733047f9ce4b74ee29c77643a1f99e4ca36e273495da93fbeedd2f03f", size = 277123, upload-time = "2026-09-01T00:51:22.332Z" },
    { url = "https://files.pythonhosted.org/packages/c6/a0/322f050f77289a1acf99b5c400fe201780bdcfa8f8876fbe250ae3de37af/regex-2026.9.3-cp314-cp314-macosx_10_15_universal2.whl", hash = "sha256:99896cc18fb421be93e337d6bf2c1686ba330bc2d5c0ef581c842f0639a5e886", size = 496701, upload-time = "2026-09-01T00:51:24.146Z" },
    { url = "https://files.pythonhosted.org/packages/91/30/85df182aec58aaa34b02a3f0a99068bf34a7c9b3f9bd7ff06d58aa866e1d/regex-2026.9.3-cp314-cp314-macosx_10_15_x86_64.whl", hash = "sha256:0540de6e7917f89acaf9771bdcd6fa7e505c67416d3b283e52ad4ab25399c6d6", size = 297055, upload-time = "2026-09-01T00:51:25.812Z" },
    { url = "https://files.pythonhosted.org/packages/27/8f/64b8bbd0316baaede047dbdbf2bcc96f10a4eeddec2e9cbf289e855e636f/regex-2026.9.3-cp314-cp314-macosx_11_0_arm64.whl", hash = "sha256:647983d2609be6155c748249e770ab7e75e15e386cbf15469569f3eaf165bbb7", size = 292008, upload-time = "2026-09-01T00:51:27.415Z" },
    { url = "https://files.pythonhosted.org/packages/b8/87/224614ef16bc8336269a84b578fb0dbab1433b584aaefc5f0680cacf9227/regex-2026.9.3-cp314-cp314-manylinux2014_aarch64.manylinux_2_17_aarch64.manylinux_2_28_aarch64.whl", hash = "sha256:7bb75921a4885d30d9e881d7a595ce50407a8a82933e15451ad7e0d89d1a5944", size = 796341, upload-time = "2026-09-01T00:51:29.344Z" },
    { url = "https://files.pythonhosted.org/packages/4a/e1/10ad988d3b673db86353666c56cb32e1b6246ca1ab0c81018a58ebec889c/regex-2026.9.3-cp314-cp314-manylinux2014_ppc64le.manylinux_2_17_ppc64le.manylinux_2_28_ppc64le.whl", hash = "sha256:f93c60d8c522b4ecea35dd6c58cc42f251ecb12882a5d67d4bd8d12137fbd05b", size = 866311, upload-time = "2026-09-01T00:51:31.592Z" },
    { url = "https://files.pythonhosted.org/packages/08/16/8d597f97bb6215876512cd7b3c47179c0eb79d1820ab2ed8412d3ba5599a/regex-2026.9.3-cp314-cp314-manylinux2014_s390x.manylinux_2_17_s390x.manylinux_2_28_s390x.whl", hash = "sha256:9e61478a8a06e6456ff2e66b9ac18f7f28d76a75fa5fda0c5198a4de07b8dcb8", size = 911869, upload-time = "2026-09-01T00:51:33.926Z" },
    { url = "https://files.pythonhosted.org/packages/89/e3/f6bcb26472873b9308df329f507d9c6cb526e3f9aed847498f153f2b7539/regex-2026.9.3-cp314-cp314-manylinux2014_x86_64.manylinux_2_17_x86_64.manylinux_2_28_x86_64.whl", hash = "sha256:6f64c66b3b13758b4f8f56f17972cd0ce5d0033d19d7332ed32e2dbdbce94dec", size = 801375, upload-time = "2026-09-01T00:51:35.779Z" },
    { url = "https://files.pythonhosted.org/packages/bc/a5/38c7cd736bfd58b190412dbf5a81aae1c38456c538d5c4987f5980cbfa3d/regex-2026.9.3-cp314-cp314-manylinux_2_31_riscv64.manylinux_2_39_riscv64.whl", hash = "sha256:6b5dc780377e35be6b0cf6fec7fb4a45cadb1e834bc0ef2ce596cc015290ef69", size = 776522, upload-time = "2026-09-01T00:51:37.81Z" },
    { url = "https://files.pythonhosted.org/packages/a9/ac/8ecefa1c9b57b29fcbe963797435e69a3ba6a9773d802b3d4fca4c75ecf6/regex-2026.9.3-cp314-cp314-musllinux_1_2_aarch64.whl", hash = "sha256:f02091b425bbcc2d8481913855c744baa4dd73e334814337b201d837e9040ef7", size = 785727, upload-time = "2026-09-01T00:51:39.995Z" },
    { url = "https://files.pythonhosted.org/packages/5a/4c/af402c5aa95615ab66620d775de07ea09b0fea206cd79e3c8a5716d5fc96/regex-2026.9.3-cp314-cp314-musllinux_1_2_ppc64le.whl", hash = "sha256:ad2027883344e70ddddff02259411f80faf47d5e779eb0e39cb95ee546fa628c", size = 861375, upload-time = "2026-09-01T00:51:41.829Z" },
    { url = "https://files.pythonhosted.org/packages/dd/7b/b83dd26470fa4cc6d7beee9b3c52ff0e988ba636c1367a04d4b2829d8d95/regex-2026.9.3-cp314-cp314-musllinux_1_2_riscv64.whl", hash = "sha256:0edd12c8201222f58817689dc61fe44893f3f2f2aee530b211dfa92af84df9cc", size = 766221, upload-time = "2026-09-01T00:51:44.7Z" },
    { url = "https://files.pythonhosted.org/packages/94/5b/3b91b19d8fb11a353738cec56b19440bf181f3f9a0298d91140fb4061778/regex-2026.9.3-cp314-cp314-musllinux_1_2_s390x.whl", hash = "sha256:4a9cd8485a6729387c889c88c24d5eace39dc0c0c9ddb9003f9c81751f654b69", size = 851737, upload-time = "2026-09-01T00:51:46.708Z" },
    { url = "https://files.pythonhosted.org/packages/2e/be/ea0762fd8a12fa711f1a626283f6d79a3d8a81df4eaada4fbe82009e46f6/regex-2026.9.3-cp314-cp314-musllinux_1_2_x86_64.whl", hash = "sha256:994fa00a9b0d14c6e6926ff5ade98d4d83676a5eeab6f87718170e481396d380", size = 789455, upload-time = "2026-09-01T00:51:49.2Z" },
    { url = "https://files.pythonhosted.org/packages/d1/dd/b9af9d65de78831fb76cb8ef420db4094295b09f93f8abd17c867261c4fb/regex-2026.9.3-cp314-cp314-win32.whl", hash = "sha256:4f39485bb02dae23e14cdbad086ab0e468756775bc5c64bb69e7cb756ebc1dcd", size = 272528, upload-time = "2026-09-01T00:51:51.416Z" },
    { url = "https://files.pythonhosted.org/packages/d0/fe/ecb15616ae7aa4892299b9ca7c20ef0dd6e5c833643b7ed46e27ff5fcccd/regex-2026.9.3-cp314-cp314-win_amd64.whl", hash = "sha256:445623b1337e971ccc571d3642aeb3f2fec77e60b6ee193dd7688168471d1846", size = 280812, upload-time = "2026-09-01T00:51:53.211Z" },
    { url = "https://files.pythonhosted.org/packages/18/4f/60efc748152c82b967bd186c356dd1fc21c4f6c225b8026b52547ae60c9f/regex-2026.9.3-cp314-cp314-win_arm64.whl", hash = "sha256:9887e9455398a1517294dec14e23ed9a178c8dd909f2788e971b66623d3f7c16", size = 281095, upload-time = "2026-09-01T00:51:55.052Z" },
    { url = "https://files.pythonhosted.org/packages/d2/cc/aa269583e8986be9604ef5fb9e2164f33108f6220c896efff2dfb0d4e4c4/regex-2026.9.3-cp314-cp314t-macosx_10_15_universal2.whl", hash = "sha256:c1fa3f84cee5211a3e574ba76ac9596df8c8d16a855f31a25681d23eadcc6c16", size = 501014, upload-time = "2026-09-01T00:51:56.902Z" },
    { url = "https://files.pythonhosted.org/packages/22/51/bb8a3f3a47beccbf92c3bcda67c2c0336c13c2e10f9744306275f428ebc9/regex-2026.9.3-cp314-cp314t-macosx_10_15_x86_64.whl", hash = "sha256:d539a51be176e874ed66029b2df8cb8e1123a3e6420d52a690de6effded4f20d", size = 299376, upload-time = "2026-09-01T00:51:59.121Z" },
    { url = "https://files.pythonhosted.org/packages/48/ec/c646df2b62c1b1334e28581715ed776814c8ac80c0c9106175f0c61ce12a/regex-2026.9.3-cp314-cp314t-macosx_11_0_arm64.whl", hash = "sha256:5133884ec10c9d6bcf7fed4ceb98fb3a6acbb6c2ba1bab6c4b6700d6c39c7595", size = 294424, upload-time = "2026-09-01T00:52:01.113Z" },
    { url = "https://files.pythonhosted.org/packages/d2/18/3dd8c49cc4af440a9a1a0ebb2b4a939398398c81fb7fecbc3c7d534924a1/regex-2026.9.3-cp314-cp314t-manylinux2014_aarch64.manylinux_2_17_aarch64.manylinux_2_28_aarch64.whl", hash = "sha256:5fecba510f6b8f9cf1dfd103d785a61da47221cf09d4cec10946d1950daf1a17", size = 811421, upload-time = "2026-09-01T00:52:03.289Z" },
    { url = "https://files.pythonhosted.org/packages/71/32/c35f031aec040b9136189e3f403681e3168f1f9862e31d9df92ea599f2c1/regex-2026.9.3-cp314-cp314t-manylinux2014_ppc64le.manylinux_2_17_ppc64le.manylinux_2_28_ppc64le.whl", hash = "sha256:72df83ee0eb89b070e28d1260786d13485b98a8b80228c7439d303dd9aac9970", size = 870110, upload-time = "2026-09-01T00:52:05.746Z" },
    { url = "https://files.pythonhosted.org/packages/a7/7b/931d962f9fbca3326f282a01fa5bed4d6734dab5215d1c20bac0ab85df58/regex-2026.9.3-cp314-cp314t-manylinux2014_s390x.manylinux_2_17_s390x.manylinux_2_28_s390x.whl", hash = "sha256:610371fe95c7e8e824ad8762248836cabbb5a4ab8befb982cb7dc8df773075d3", size = 917489, upload-time = "2026-09-01T00:52:07.703Z" },
    { url = "https://files.pythonhosted.org/packages/46/1a/da0c28f2b1e65d46a24abc1dd33e0dc9ddbcfeeee7c5625103b3e09e548c/regex-2026.9.3-cp314-cp314t-manylinux2014_x86_64.manylinux_2_17_x86_64.manylinux_2_28_x86_64.whl", hash = "sha256:af06c9099df15ee44fda3fdfa002bfe37de02901c2b3a5ef350853861ef3b4b5", size = 817470, upload-time = "2026-09-01T00:52:09.686Z" },
    { url = "https://files.pythonhosted.org/packages/d4/a1/6a540ec40c3b8eeefec445362cf08bbb686b22d4088f97d3c1ea38323434/regex-2026.9.3-cp314-cp314t-manylinux_2_31_riscv64.manylinux_2_39_riscv64.whl", hash = "sha256:e27003c0a93a5aa541c260bd8ba8b917a2af4c378eb684daa9f1565f5e363181", size = 784742, upload-time = "2026-09-01T00:52:11.778Z" },
    { url = "https://files.pythonhosted.org/packages/fc/88/75500ca27ba85256eb46119ebd99ec10ead4c3ffacd47fe7dfe034662960/regex-2026.9.3-cp314-cp314t-musllinux_1_2_aarch64.whl", hash = "sha256:9ce34fc5a6f6c9b2ba4a8060009d989e4f55630e3f9c3bf5962f42dcc31355ef", size = 800609, upload-time = "2026-09-01T00:52:13.817Z" },
    { url = "https://files.pythonhosted.org/packages/67/33/18541aaad8b88977e2c3fbbb53c1a75f6f6c999800a82d2f7306581cb6b6/regex-2026.9.3-cp314-cp314t-musllinux_1_2_ppc64le.whl", hash = "sha256:2cbc83154c8b0201ada07bc5d6e37106df6325f2fda60d73228e2e8da7433cae", size = 864798, upload-time = "2026-09-01T00:52:16.137Z" },
    { url = "https://files.pythonhosted.org/packages/16/62/ffbfbeb5a3f2cca701afb9f8aebbfcbf37a4aae2f1584c96680142aab445/regex-2026.9.3-cp314-cp314t-musllinux_1_2_riscv64.whl", hash = "sha256:f568bdc17b7ebb3a323ee8920468d2ed74af84da911a00d9585ac887bac73b88", size = 772892, upload-time = "2026-09-01T00:52:18.567Z" },
    { url = "https://files.pythonhosted.org/packages/23/14/04e2db28f490b1fcc684428bd2de21e1ec46f7d8d421b7f2cc74d120affd/regex-2026.9.3-cp314-cp314t-musllinux_1_2_s390x.whl", hash = "sha256:ae9f7055e7357b2873866a3d77d0136a251ca2ae2dde3d8cdb819425d717c177", size = 858065, upload-time = "2026-09-01T00:52:20.674Z" },
    { url = "https://files.pythonhosted.org/packages/ac/14/c0cac930d1dc0b86c5d8ff10602f15df4fb15fa3f33e04a98be197f33618/regex-2026.9.3-cp314-cp314t-musllinux_1_2_x86_64.whl", hash = "sha256:d963442186918577ad83e3a8c5564eeeba90e2da233ce59f6eeccbb7b5cf771e", size = 804739, upload-time = "2026-09-01T00:52:22.866Z" },
    { url = "https://files.pythonhosted.org/packages/01/12/69e6f4d02e11a5cb45033abede6e04b0da3716b1b6c311d4609be14a01a7/regex-2026.9.3-cp314-cp314t-win32.whl", hash = "sha256:bda6af6fb4d5fe9532620e4f72d3c7efcdf7472ead9037b184c0a060f0e7c71f", size = 274514, upload-time = "2026-09-01T00:52:25.224Z" },
    { url = "https://files.pythonhosted.org/packages/28/64/064b78028b52c0c21b9c0b362b1bdcee7179f009891ddf959d9b6390b30c/regex-2026.9.3-cp314-cp314t-win_amd64.whl", hash = "sha256:2d25e41851e41539898116ac760fcc856e2c1047a843a336b19e2c8e4a43ad16", size = 283797, upload-time = "2026-09-01T00:52:27.358Z" },
    { url = "https://files.pythonhosted.org/packages/f2/46/fbb41eb6cc92403ba9f896dfd56a1d5d31549c4033dfb7418da7ecd5802a/regex-2026.9.3-cp314-cp314t-win_arm64.whl", hash = "sha256:356fc21b4c313decb3214a4306bb5bd0623dce4a8d03d0d5ada6fb0b6a5b93b5", size = 283444, upload-time = "2026-09-01T00:52:29.632Z" },
    { url = "https://files.pythonhosted.org/packages/1b/1a/825beb1c803d579d1119723235ede2211949a8d320bcc79e3f6e5dd6090f/regex-2026.9.3-cp315-cp315-macosx_10_15_universal2.whl", hash = "sha256:e337dceb936f333775cf51d49f6badb8cd3d2a6b27e8cb443a6c5861fbf3c1f9", size = 496929, upload-time = "2026-09-01T00:52:31.593Z" },
    { url = "https://files.pythonhosted.org/packages/ff/54/9b8255521680d54e1d157ed6532e3082998f47925d2ab3861550e0e89455/regex-2026.9.3-cp315-cp315-macosx_10_15_x86_64.whl", hash = "sha256:bb2d4ad7f9bac398a7a19f07bd09fd5b2c1e4eeab316065aa84a305f62fc5361", size = 297050, upload-time = "2026-09-01T00:52:33.459Z" },
    { url = "https://files.pythonhosted.org/packages/5c/8b/0e4df28fd94304050efc2373dff1803e5d62056cf744a694eaa376df2fe8/regex-2026.9.3-cp315-cp315-macosx_11_0_arm64.whl", hash = "sha256:01bdce6a372efd5ae3d8560cedbc691be259a50206564bbaf04008b2937721ab", size = 292296, upload-time = "2026-09-01T00:52:35.309Z" },
    { url = "https://files.pythonhosted.org/packages/97/a0/689a8403f309a7a3f3f3e74b3e81b144602481d122c9e4070a601367f8e0/regex-2026.9.3-cp315-cp315-manylinux2014_aarch64.manylinux_2_17_aarch64.manylinux_2_28_aarch64.whl", hash = "sha256:55493b5b6cb6c4ec9a3c310d4ef947dbd34326ee4eecd4249e18e00d84f14be5", size = 798376, upload-time = "2026-09-01T00:52:37.235Z" },
    { url = "https://files.pythonhosted.org/packages/ad/a9/3d22278a38bb8adb254d345e60935316222091caf00a4233aaef388d636e/regex-2026.9.3-cp315-cp315-manylinux2014_ppc64le.manylinux_2_17_ppc64le.manylinux_2_28_ppc64le.whl", hash = "sha256:690ab9d06cd689b79aab84afa0984a1bc85ea4b93b0a42b015f3ff5e2f5b08be", size = 866607, upload-time = "2026-09-01T00:52:39.461Z" },
    { url = "https://files.pythonhosted.org/packages/69/ef/ecf8c5fdcec73ac0526fbd074be3bd1059b11cbda739ac0ab9001f311aed/regex-2026.9.3-cp315-cp315-manylinux2014_s390x.manylinux_2_17_s390x.manylinux_2_28_s390x.whl", hash = "sha256:24b4bbb65ff2c4e8c552c93c342bf5ffa0ad162d963d96bac7c1883c20e1b34e", size = 912160, upload-time = "2026-09-01T00:52:41.603Z" },
    { url = "https://files.pythonhosted.org/packages/68/e8/c07c3d2b44c9154672a33911cfcfba626c78d939d7e31103864d81ad319a/regex-2026.9.3-cp315-cp315-manylinux2014_x86_64.manylinux_2_17_x86_64.manylinux_2_28_x86_64.whl", hash = "sha256:fbaf76379bf2a72e534bbb1276d45e63a80d8cade17953ed79a350d6426262fb", size = 804589, upload-time = "2026-09-01T00:52:43.658Z" },
    { url = "https://files.pythonhosted.org/packages/91/16/d42957c78b5934efd03ca5713d99952cbe71e2d0b3b24d9e78256f208587/regex-2026.9.3-cp315-cp315-manylinux_2_31_riscv64.manylinux_2_39_riscv64.whl", hash = "sha256:57f405fcb82e2b78df88f04f8aa49ce513ce23bfea073b581597bd52545e9b3f", size = 784446, upload-time = "2026-09-01T00:52:45.866Z" },
    { url = "https://files.pythonhosted.org/packages/00/1e/4252dff33a1a5afb3271fb3859e992d34c47c040ecfc27bbfe6a7eaf99a8/regex-2026.9.3-cp315-cp315-musllinux_1_2_aarch64.whl", hash = "sha256:a87ab35e92d40b53c5373af36625794e422f83ec56122f0a63871892856d721c", size = 787996, upload-time = "2026-09-01T00:52:48.345Z" },
    { url = "https://files.pythonhosted.org/packages/ee/19/90d31048bb402fd746a95922d7dfdb9de9f902c39c8d838f2fef05c9c92c/regex-2026.9.3-cp315-cp315-musllinux_1_2_ppc64le.whl", hash = "sha256:14bf4a88833c12a990dbf5cca77eb293401d60878be7d566a2d5096fb0216c27", size = 861752, upload-time = "2026-09-01T00:52:50.597Z" },
    { url = "https://files.pythonhosted.org/packages/88/77/42ad133550cbd64d8fb33ec5ff55e1f524b06c6328e9f3bf9c3e8652b525/regex-2026.9.3-cp315-cp315-musllinux_1_2_riscv64.whl", hash = "sha256:862c29f7e7927e71391df6700079b1dd7c2aeb75115dc46e37004a092f8f16b7", size = 773488, upload-time = "2026-09-01T00:52:53.142Z" },
    { url = "https://files.pythonhosted.org/packages/78/8f/0c90e8fa607c36a65c360f6b02980aa7aa5885afa3d737daba4229bef086/regex-2026.9.3-cp315-cp315-musllinux_1_2_s390x.whl", hash = "sha256:61a9da95a836e7d300945891265bbeb6510a860863f6b01ed6397e6239a31253", size = 852603, upload-time = "2026-09-01T00:52:55.471Z" },
    { url = "https://files.pythonhosted.org/packages/4e/bc/e1be309afb6be94916d8f4f000dbc66040fc0da2008b3f714dc4893259fd/regex-2026.9.3-cp315-cp315-musllinux_1_2_x86_64.whl", hash = "sha256:e7663a6803a47255c32cc7e17ae3ccfe02dba5b0849f87729651c0263a129d20", size = 794635, upload-time = "2026-09-01T00:52:57.611Z" },
    { url = "https://files.pythonhosted.org/packages/0e/f7/15f6d0ea137316531c992e7468a4c6f6e39159a6780c2c16ec3ab56f2149/regex-2026.9.3-cp315-cp315-win32.whl", hash = "sha256:0ee4721472e00e96b3cceec545c9867f91815f628f6ea304ae6cea93a7e4e7ae", size = 272530, upload-time = "2026-09-01T00:52:59.644Z" },
    { url = "https://files.pythonhosted.org/packages/ba/8e/739168818790278dd4f1ba60c582fed41323508d7a8e850323851de1aa1f/regex-2026.9.3-cp315-cp315-win_amd64.whl", hash = "sha256:cc5d0f82cf05beb6c0d463398173a09357ed4f4a631f7641cef6f6480a05bc57", size = 280822, upload-time = "2026-09-01T00:53:02.57Z" },
    { url = "https://files.pythonhosted.org/packages/12/6a/55f5f6e92a8c7d6511e069d3e8a4b45e3506941c1a97dddf5a329b132be4/regex-2026.9.3-cp315-cp315-win_arm64.whl", hash = "sha256:6f198b622a3ccf02eeab00de71f6b2f45b1b50b1979aa56b25178c963e475950", size = 281102, upload-time = "2026-09-01T00:53:04.62Z" },
    { url = "https://files.pythonhosted.org/packages/ff/6a/adaf9ed10ffdef60684bf8757c257400500342503f1ce5c7cffcdb2e8aaf/regex-2026.9.3-cp315-cp315t-macosx_10_15_universal2.whl", hash = "sha256:294ef8fb58a45f912513692380f366ca191940de5b3b3de5308ce2e8500d8ea4", size = 501333, upload-time = "2026-09-01T00:53:06.681Z" },
    { url = "https://files.pythonhosted.org/packages/64/dd/2cbc3b253a88fdb0c8ca641367dc2f280541fdf1722f201fc0be62797577/regex-2026.9.3-cp315-cp315t-macosx_10_15_x86_64.whl", hash = "sha256:edfd2b0cad175780f8668fd6f66486354b8770e4057e44038daaa4a066f8ddff", size = 299273, upload-time = "2026-09-01T00:53:09.002Z" },
    { url = "https://files.pythonhosted.org/packages/2a/29/4818d31ec2555309b3935d3cd006a7f6076e11bb21eec9e72afee3db87b1/regex-2026.9.3-cp315-cp315t-macosx_11_0_arm64.whl", hash = "sha256:cda393bb35828e3993fcaf39c8ede78b16614954eb15fe77336d5d141be40f76", size = 294888, upload-time = "2026-09-01T00:53:11.009Z" },
    { url = "https://files.pythonhosted.org/packages/94/37/8970a4102a067e0a28e40a232bf536752c373da8a4f932755679f77fa9ac/regex-2026.9.3-cp315-cp315t-manylinux2014_aarch64.manylinux_2_17_aarch64.manylinux_2_28_aarch64.whl", hash = "sha256:cce8e5243d95068f595155663e3e18b1938b16cf716dce6cf2491ebc08b98d96", size = 813072, upload-time = "2026-09-01T00:53:13.566Z" },
    { url = "https://files.pythonhosted.org/packages/90/1c/2e52f5e9e92b79e324c9807e977fa6f9ab210b41ab5b7356307d5ffb2f4c/regex-2026.9.3-cp315-cp315t-manylinux2014_ppc64le.manylinux_2_17_ppc64le.manylinux_2_28_ppc64le.whl", hash = "sha256:2a1269856278ae8bc78342bf20191c1f10638d2c22df72364d2fa02d70d49f35", size = 869947, upload-time = "2026-09-01T00:53:15.773Z" },
    { url = "https://files.pythonhosted.org/packages/f6/42/c676e3f2dcb47ec941fa678019044cbac51db9441e09cec47392e4986013/regex-2026.9.3-cp315-cp315t-manylinux2014_s390x.manylinux_2_17_s390x.manylinux_2_28_s390x.whl", hash = "sha256:4ac52b95a938789fcfcfbf6faf647b45d7be940f0c51f06991c1353db54c67aa", size = 915678, upload-time = "2026-09-01T00:53:18.384Z" },
    { url = "https://files.pythonhosted.org/packages/01/6a/73c971bcaf1d24e73aa3c8e0f767caccfdc9fcda021e59f28f6dcd12728b/regex-2026.9.3-cp315-cp315t-manylinux2014_x86_64.manylinux_2_17_x86_64.manylinux_2_28_x86_64.whl", hash = "sha256:490a81770599b17b8594227674872dfb215af05f2be0065a32a7c70175fd9e23", size = 817714, upload-time = "2026-09-01T00:53:20.723Z" },
    { url = "https://files.pythonhosted.org/packages/b2/7c/0e9bffb6cfa8a00e765eaea0d1e6d207bb98e620d5658c537c8d87df671c/regex-2026.9.3-cp315-cp315t-manylinux_2_31_riscv64.manylinux_2_39_riscv64.whl", hash = "sha256:f584dd93ef6ddb10ba028e247fe1fc0ba52ed70ca4d596bb8d52bf4304c147ec", size = 792411, upload-time = "2026-09-01T00:53:22.925Z" },
    { url = "https://files.pythonhosted.org/packages/61/d4/b1d226e8a3d0c8aac577a517384ffaea7b9ff98b194ddbd0bef58b9d8738/regex-2026.9.3-cp315-cp315t-musllinux_1_2_aarch64.whl", hash = "sha256:c07eaf30bc072b179acc8ac50519a2a81f03f88a220750c6d83dadbdc33fb1de", size = 802521, upload-time = "2026-09-01T00:53:25.281Z" },
    { url = "https://files.pythonhosted.org/packages/c6/ad/dc47f94a4ace898561dfafeed6052dd3551915f36aa1971f4387d6daf0d4/regex-2026.9.3-cp315-cp315t-musllinux_1_2_ppc64le.whl", hash = "sha256:9e1c602c55dc8ec05cc7e0a8e31f3ad3d4644dbcb7ac39114105c9bd0384371f", size = 865266, upload-time = "2026-09-01T00:53:27.667Z" },
    { url = "https://files.pythonhosted.org/packages/41/7b/743565fc25cb36981186b4e9b42b3d093a7226cca328380cfd223c1b5a03/regex-2026.9.3-cp315-cp315t-musllinux_1_2_riscv64.whl", hash = "sha256:2ef9a284ec658d48ec57edfba0944d1582532601472f695b799ba08d37fd6544", size = 780298, upload-time = "2026-09-01T00:53:30.017Z" },
    { url = "https://files.pythonhosted.org/packages/c6/ad/d62e48324632eb0bae2c336da5810b51a14a9e23ba964f2828cc1ac23011/regex-2026.9.3-cp315-cp315t-musllinux_1_2_s390x.whl", hash = "sha256:c90f34f1b1905d7d6c42b25b6ffb4e5066e6c95c7715169e3332b1760614d092", size = 858045, upload-time = "2026-09-01T00:53:32.397Z" },
    { url = "https://files.pythonhosted.org/packages/2e/41/8eff42a2516494bb6b36d33b15bcd861764dcc836ad7c0b746e46c513af9/regex-2026.9.3-cp315-cp315t-musllinux_1_2_x86_64.whl", hash = "sha256:307dbd844f678de48ea74cdc909b007729c50e6be7f182bdf6a1df6732374c69", size = 805406, upload-time = "2026-09-01T00:53:34.601Z" },
    { url = "https://files.pythonhosted.org/packages/f6/1d/98198fd6dc185a172f5de48b8a4c7ca03c0d4285b1c1c32300672e7cf85a/regex-2026.9.3-cp315-cp315t-win32.whl", hash = "sha256:ce6505846d29f860966e0e9cfadaad1041a7d8ce7dc4af39940fcb1877dec29a", size = 274674, upload-time = "2026-09-01T00:53:36.77Z" },
    { url = "https://files.pythonhosted.org/packages/d2/82/dc0e76842ccddc8756471adff38c140d130c6b601b9ae5724274f1881e7a/regex-2026.9.3-cp315-cp315t-win_amd64.whl", hash = "sha256:2c71da070224baf426850d9eab23ac797d9859b1841dbda43012c01b69697803", size = 283692, upload-time = "2026-09-01T00:53:38.951Z" },
    { url = "https://files.pythonhosted.org/packages/da/3d/e0677f590f3473a3defb63ef6e3469154382a2a15ebafb364482d7ed3b01/regex-2026.9.3-cp315-cp315t-win_arm64.whl", hash = "sha256:ecc27adda0d1e1bc39793b41fdd562d2f4bc4dcee6ee0e3c733d519c332183b2", size = 283421, upload-time = "2026-09-01T00:53:41.393Z" },
]

[[package]]
name = "ruff"
version = "0.16.6"
source = { registry = "https://pypi.org/simple" }
sdist = { url = "https://files.pythonhosted.org/packages/a4/7c/6adb35d70e7c027e308274557901c7e00fb3407750faf3620c184ae058cb/ruff-0.16.6.tar.gz", hash = "sha256:dcf8a73d2ff77e99dde91244b4da16feba7f14e6beeb4015dee7c5a909e99050", size = 4921251, upload-time = "2026-09-03T16:57:29.037Z" }
wheels = [
    { url = "https://files.pythonhosted.org/packages/a4/28/9cc1b79639e284ec103f43c88c644db4eb58cbd0ea1ca11f1193435369ac/ruff-0.16.6-py3-none-linux_armv6l.whl", hash = "sha256:61c368c26bf8e973e5ab14a2772de587bc068ea3f9a277f673380749b4898fb8", size = 10015638, upload-time = "2026-09-03T16:56:40.986Z" },
    { url = "https://files.pythonhosted.org/packages/71/11/627d342ef727ea7794edf74fe23d60a074b02c3acc2e9436684e782286ca/ruff-0.16.6-py3-none-macosx_10_12_x86_64.whl", hash = "sha256:ecf4f068e2e123e43a26e9db4e19524cc56563912404e83bbfca375757e45a32", size = 10220762, upload-time = "2026-09-03T16:56:44.681Z" },
    { url = "https://files.pythonhosted.org/packages/43/d9/b75668ce41e4c8d073d18d6d08672ba6906ce45d5c06ea4fdb2e84ce3853/ruff-0.16.6-py3-none-macosx_11_0_arm64.whl", hash = "sha256:99b62ea33baf130f50368798d841f0d95527b6d817bf31817b65dd058f1d314c", size = 9835082, upload-time = "2026-09-03T16:56:47.142Z" },
    { url = "https://files.pythonhosted.org/packages/99/97/123ab10b05cde889c107c20f5a9774955104b5552796a2a8584b089ae8eb/ruff-0.16.6-py3-none-manylinux_2_17_aarch64.manylinux2014_aarch64.whl", hash = "sha256:7fbf89013f2bb3f6835a6038ff658dc8a1b38c98dc8e724b964168ad4e881876", size = 9949304, upload-time = "2026-09-03T16:56:49.813Z" },
    { url = "https://files.pythonhosted.org/packages/3e/58/a4a2c59dd2e5b85929c912d9cac3056eb9ee8c7e75e9b9fe3e109174966b/ruff-0.16.6-py3-none-manylinux_2_17_armv7l.manylinux2014_armv7l.whl", hash = "sha256:56a67065e22efa6bc4d498299d3bb06c0c90aace8fac2068b5a12f9dc4d8d51d", size = 9840612, upload-time = "2026-09-03T16:56:52.368Z" },
    { url = "https://files.pythonhosted.org/packages/61/6a/ff8c8626a786c4f49d48ced4a752dadbca65f5263005f9c2416578194694/ruff-0.16.6-py3-none-manylinux_2_17_i686.manylinux2014_i686.whl", hash = "sha256:e25cc89174874b176a157e4428d66761c2c0c006654419bf384f967f361ff1b1", size = 10543465, upload-time = "2026-09-03T16:56:55.089Z" },
    { url = "https://files.pythonhosted.org/packages/ad/bb/c47535923365f337b82e28192e4e9eef2176511007cfd99a62fc22df5dad/ruff-0.16.6-py3-none-manylinux_2_17_ppc64le.manylinux2014_ppc64le.whl", hash = "sha256:0700580ed5303723cb3c11c2f1d2a8913ce77b7ea86646dddb887f5417a9ba70", size = 11267576, upload-time = "2026-09-03T16:56:57.791Z" },
    { url = "https://files.pythonhosted.org/packages/ba/50/e5119a5212b5cd63b51e1f4b25e7bd636a6668fc069a3160b108ad7e3c16/ruff-0.16.6-py3-none-manylinux_2_17_s390x.manylinux2014_s390x.whl", hash = "sha256:15f1d0b6e165a6e56567befb6629f8209271311d990bae0f37e6d065035ef5f3", size = 10781993, upload-time = "2026-09-03T16:57:00.666Z" },
    { url = "https://files.pythonhosted.org/packages/8b/98/083d8b4ef3c51a0d19db84367791cbe9f44e4b53343d19dfa83556e1cd9a/ruff-0.16.6-py3-none-manylinux_2_17_x86_64.manylinux2014_x86_64.whl", hash = "sha256:d72c591a96986ee4268860e2b7235082129ca5e4cb9cbba653a4b57c11893757", size = 10317748, upload-time = "2026-09-03T16:57:03.428Z" },
    { url = "https://files.pythonhosted.org/packages/9a/29/68f7ff2c5ad95f19f00627ac2de95644e25fe47371ea60b2db1fd952315e/ruff-0.16.6-py3-none-manylinux_2_31_riscv64.whl", hash = "sha256:65a006baa18f33324325814c864daef03541d51564b98c517610ea756ab7003e", size = 10540096, upload-time = "2026-09-03T16:57:06.182Z" },
    { url = "https://files.pythonhosted.org/packages/c4/f9/79a8f6de85968641d68a7863aeec577551924ef066a990a48ff93167beab/ruff-0.16.6-py3-none-musllinux_1_2_aarch64.whl", hash = "sha256:cd02a7bf1a21a8735228a3e8c95a9dc5cf86bd2a52194f4aaae2a5755b4de0f4", size = 10100494, upload-time = "2026-09-03T16:57:09.194Z" },
    { url = "https://files.pythonhosted.org/packages/d9/e8/b81a22d9b90c00b892ccf2fa2ac36fa95de4c13ab85aea3e73795cfe4651/ruff-0.16.6-py3-none-musllinux_1_2_armv7l.whl", hash = "sha256:31b36f1e5ad85e0737f09d2be4e512e2e283583c14015da3b9dc07359ac0fc88", size = 9843663, upload-time = "2026-09-03T16:57:12.168Z" },
    { url = "https://files.pythonhosted.org/packages/39/aa/54f516ec5e5a11c4afdceb1c454ebb054ffb96e4f4a1705580b4346abd35/ruff-0.16.6-py3-none-musllinux_1_2_i686.whl", hash = "sha256:61029b4ab4aa723fd3064fab96b1d814492596bf0c792679fffcbde1e1679953", size = 10282461, upload-time = "2026-09-03T16:57:15.077Z" },
    { url = "https://files.pythonhosted.org/packages/52/0b/38d0aa8aa32372b96dc44f97b22e576c4147808271aab7b2cb1e353d4445/ruff-0.16.6-py3-none-musllinux_1_2_x86_64.whl", hash = "sha256:9ac8998457832c2061709d900856b7ad271dace0cb41f346588d540162bfa718", size = 10728808, upload-time = "2026-09-03T16:57:17.797Z" },
    { url = "https://files.pythonhosted.org/packages/5e/e5/9e274e24eeb027640ffc7442f21239f16d17f47acec15ae34f32e03a5c79/ruff-0.16.6-py3-none-win32.whl", hash = "sha256:0b87d9d16fcb63e8018423ca1d50b7260f15cb2da33e30db4baad4183a948c25", size = 10049212, upload-time = "2026-09-03T16:57:20.55Z" },
    { url = "https://files.pythonhosted.org/packages/22/31/72472449414223ed1a2da236b992adbb1a2ae59e34794574810f60ce068e/ruff-0.16.6-py3-none-win_amd64.whl", hash = "sha256:10d21c51c3495d8eaea7b703a16592117ea6eb1d649e36335aa965ff1173eb39", size = 10556402, upload-time = "2026-09-03T16:57:23.501Z" },
    { url = "https://files.pythonhosted.org/packages/fc/07/d781f8f8e1ac24bef9f3269cf62ffb1407ca24c3a8f12e5e22874f90528c/ruff-0.16.6-py3-none-win_arm64.whl", hash = "sha256:7a976c79b958f94e50a022a19f0f8c87387448020935ec14fc74331bd0a7f2c5", size = 10412850, upload-time = "2026-09-03T16:57:26.416Z" },
]

[[package]]
name = "ty"
version = "0.0.79"
source = { registry = "https://pypi.org/simple" }
sdist = { url = "https://files.pythonhosted.org/packages/b5/d3/4fff47468a976c7a5ded9fe350734ca09b9e8460750327f2245ea3288d5d/ty-0.0.79.tar.gz", hash = "sha256:159a1aca70edebae32be08bfba2e5d543ffd8f9f380af160e0e713e85313b733", size = 7162150, upload-time = "2026-09-07T21:51:58.065Z" }
wheels = [
    { url = "https://files.pythonhosted.org/packages/90/a3/2fa5b5495fe37351d77571eb0985476461be02c822bb39ad669b9fdb5bb8/ty-0.0.79-py3-none-linux_armv6l.whl", hash = "sha256:f60d968bbc6d52b663d3df4cae647d3cc68df4a7135bd9098e8d570bf9a5e0da", size = 13557478, upload-time = "2026-09-07T21:51:14.089Z" },
    { url = "https://files.pythonhosted.org/packages/f5/f0/1659a926d2b19351839ca64787e1531c97fbe8bf35c3c47d20954f338428/ty-0.0.79-py3-none-macosx_10_12_x86_64.whl", hash = "sha256:4c95ae0ca67483c4f1231c4b2fd332b76f212e8d93154c385d77511d90dcbd8e", size = 13163780, upload-time = "2026-09-07T21:51:17.066Z" },
    { url = "https://files.pythonhosted.org/packages/e2/b2/e0a8a8cf58b39f0d1f509a22550aed1e2cc12bb4a868170b43aede9fcd93/ty-0.0.79-py3-none-macosx_11_0_arm64.whl", hash = "sha256:685888adb29b6e732ee325c6b6db92a422f72f3e4031c12450728c846e5e93fe", size = 12964040, upload-time = "2026-09-07T21:51:19.818Z" },
    { url = "https://files.pythonhosted.org/packages/88/a7/7d8fb6c958d88a63ad932421eff8848267bb9229136ef65d9f372aa2be7a/ty-0.0.79-py3-none-manylinux_2_17_aarch64.manylinux2014_aarch64.whl", hash = "sha256:b0535640db5dc02f9e14bf419ad2cf3acdd49681e70f233c96e96d16cfcefc00", size = 13010025, upload-time = "2026-09-07T21:51:22.468Z" },
    { url = "https://files.pythonhosted.org/packages/e3/4c/94aee26446f058e67b2c8ef0b25bdc1cf555e40eb692112d7a609f30c238/ty-0.0.79-py3-none-manylinux_2_17_armv7l.manylinux2014_armv7l.whl", hash = "sha256:48cb24e21488f9d11cffa81d5a5f71f314c87383b7a5d28dabe6feaa3f3d7a34", size = 13332191, upload-time = "2026-09-07T21:51:25.031Z" },
    { url = "https://files.pythonhosted.org/packages/6c/21/9e7c0415fa6275500f10ce13f2bad62e03211ba5f3ea61a702d819328407/ty-0.0.79-py3-none-manylinux_2_17_i686.manylinux2014_i686.whl", hash = "sha256:1a35b3b116a591a68da5958c082247f0c3a50f134d0a60ff45d060eb3d2ad612", size = 14153955, upload-time = "2026-09-07T21:51:27.421Z" },
    { url = "https://files.pythonhosted.org/packages/0d/5f/b27b510f973a314200cfda4f0500de3c65f6caa45a590355f6acc5e96289/ty-0.0.79-py3-none-manylinux_2_17_ppc64le.manylinux2014_ppc64le.whl", hash = "sha256:fcb760f059d660dfd5c9c6c33609478a267c3185c7448d72e6f7ff4572796bae", size = 14594578, upload-time = "2026-09-07T21:51:30.345Z" },
    { url = "https://files.pythonhosted.org/packages/a6/fa/0ccc2e510c1c24682ae21c836c09be6dcf0b1aacab071c51a297d301601f/ty-0.0.79-py3-none-manylinux_2_17_s390x.manylinux2014_s390x.whl", hash = "sha256:fcdc1ae0c740f9b6d6536ffecf485616a8909bed5de88c6e870a65546a6a2d91", size = 14266409, upload-time = "2026-09-07T21:51:32.868Z" },
    { url = "https://files.pythonhosted.org/packages/e8/c3/3a404d44e9768578daf7dfda06cba714eda6feac53272eda295947a8d4c7/ty-0.0.79-py3-none-manylinux_2_17_x86_64.manylinux2014_x86_64.whl", hash = "sha256:0c1e77d58e192c81b958783328b303ceda8706328a307c852ceb257505765458", size = 13658441, upload-time = "2026-09-07T21:51:35.283Z" },
    { url = "https://files.pythonhosted.org/packages/f6/23/b90a512055fdf6356e95c0f745cb9b443b9a4ac9d3a79f07ae6ed53ae9ca/ty-0.0.79-py3-none-manylinux_2_31_riscv64.whl", hash = "sha256:a87f52183b976d9eda5fad28405b37621a265c3de5e9e279660556c715ed1805", size = 14195669, upload-time = "2026-09-07T21:51:37.848Z" },
    { url = "https://files.pythonhosted.org/packages/b0/05/d051248dcff852e8a3165a2feb164dc5b857ef237fa82e7ea2b3b7bac375/ty-0.0.79-py3-none-musllinux_1_2_aarch64.whl", hash = "sha256:fb429a44bc9e90649e69f739d70db4a305102a36586a810caee00c984c379997", size = 13127929, upload-time = "2026-09-07T21:51:40.431Z" },
    { url = "https://files.pythonhosted.org/packages/5a/d1/60b5c980df55b1d5010a41b10d7c8cf6111b5d02ec0807f6f782bb3d88aa/ty-0.0.79-py3-none-musllinux_1_2_armv7l.whl", hash = "sha256:1d857fa34d60b0981cf12ca19180ae5de70dd46306a9277bee772bb09e82ae5c", size = 13334425, upload-time = "2026-09-07T21:51:42.956Z" },
    { url = "https://files.pythonhosted.org/packages/9b/3c/fcbfa731128f06b1c9be5074f51ce47da06842dc8f33c81e7c1c483b6e91/ty-0.0.79-py3-none-musllinux_1_2_i686.whl", hash = "sha256:a95cffa2f30289b0b949db7611ae96ede0352f0f1d7ba07ea7cabb27616fccb9", size = 13629671, upload-time = "2026-09-07T21:51:45.467Z" },
    { url = "https://files.pythonhosted.org/packages/0e/00/3004a1d375c2a835c7dbf01c480205a190f24b74c8b5c849fd2dbe078d69/ty-0.0.79-py3-none-musllinux_1_2_x86_64.whl", hash = "sha256:d33df0f1bdee62dc366551d35b9830b1fa2e9ee2936a437abd435f71b3fce73e", size = 13939769, upload-time = "2026-09-07T21:51:48.033Z" },
    { url = "https://files.pythonhosted.org/packages/10/7d/f357f5768872ffa3a026707477a880aba7582af5f6c7c7eab74f61167f3d/ty-0.0.79-py3-none-win32.whl", hash = "sha256:ca266de079a187ed6f0f5b802f6fc3b26164753c7347a04daed21d86c938d33d", size = 12833644, upload-time = "2026-09-07T21:51:50.766Z" },
    { url = "https://files.pythonhosted.org/packages/f9/f5/2a2d967be6286ee8fb626161e610fd48624ba5e6712cea932adb2d6b40b6/ty-0.0.79-py3-none-win_amd64.whl", hash = "sha256:88cb357d36ad79181015581365769fff4b1ec580cd12de83addfa98663214fd3", size = 13494258, upload-time = "2026-09-07T21:51:53.105Z" },
    { url = "https://files.pythonhosted.org/packages/8b/74/49b88f104f88d9757497758bf57ba53e3612442b49500d1092d4d6f1daa3/ty-0.0.79-py3-none-win_arm64.whl", hash = "sha256:d29da73f2840ae2631bc62ef8f8d509a94edea596e5b3072851f67e4729d744c", size = 13327517, upload-time = "2026-09-07T21:51:55.602Z" },
]

[[package]]
name = "types-regex"
version = "2026.9.3.20260903"
source = { registry = "https://pypi.org/simple" }
sdist = { url = "https://files.pythonhosted.org/packages/ac/65/7a39af8705ba0685429e8306ce7cbc6d40be0658c36bb2330aefcca13815/types_regex-2026.9.3.20260903.tar.gz", hash = "sha256:eef82a0ae08806f32609fc4829fee845f98672dd6378834c34dec33bf8c60cf0", size = 13858, upload-time = "2026-09-03T06:36:49.602Z" }
wheels = [
    { url = "https://files.pythonhosted.org/packages/8e/c7/571fb5dbfee06a57651d8af664dbda43409277b6f7ccff5df8fbeee526e3/types_regex-2026.9.3.20260903-py3-none-any.whl", hash = "sha256:d12a58823ba330497c4369fc47f9de028f5fd74036d3cfabb7732c69e88a5fd0", size = 11181, upload-time = "2026-09-03T06:36:48.605Z" },
]
